Microsoft Visual Studio Solution File, Format Version 12.00
# Visual Studio Version 17
VisualStudioVersion = 17.5.2.0
MinimumVisualStudioVersion = 10.0.40219.1
Project("{FAE04EC0-301F-11D3-BF4B-00C04F79EFBC}") = "ptc2", "ptc2\ptc2.csproj", "{FAD1FDB4-D156-9CA5-1A71-96D4BAED27A1}"
EndProject
Project("{FAE04EC0-301F-11D3-BF4B-00C04F79EFBC}") = "ptc1", "ptc1\ptc1.csproj", "{B7BBE9EB-36C8-5603-D350-079ADDD7FBDF}"
EndProject
Global
	GlobalSection(SolutionConfigurationPlatforms) = preSolution
		Debug|Any CPU = Debug|Any CPU
		Release|Any CPU = Release|Any CPU
	EndGlobalSection
	GlobalSection(ProjectConfigurationPlatforms) = postSolution
		{FAD1FDB4-D156-9CA5-1A71-96D4BAED27A1}.Debug|Any CPU.ActiveCfg = Debug|Any CPU
		{FAD1FDB4-D156-9CA5-1A71-96D4BAED27A1}.Debug|Any CPU.Build.0 = Debug|Any CPU
		{FAD1FDB4-D156-9CA5-1A71-96D4BAED27A1}.Release|Any CPU.ActiveCfg = Release|Any CPU
		{FAD1FDB4-D156-9CA5-1A71-96D4BAED27A1}.Release|Any CPU.Build.0 = Release|Any CPU
		{B7BBE9EB-36C8-5603-D350-079ADDD7FBDF}.Debug|Any CPU.ActiveCfg = Debug|Any CPU
		{B7BBE9EB-36C8-5603-D350-079ADDD7FBDF}.Debug|Any CPU.Build.0 = Debug|Any CPU
		{B7BBE9EB-36C8-5603-D350-079ADDD7FBDF}.Release|Any CPU.ActiveCfg = Release|Any CPU
		{B7BBE9EB-36C8-5603-D350-079ADDD7FBDF}.Release|Any CPU.Build.0 = Release|Any CPU
	EndGlobalSection
	GlobalSection(SolutionProperties) = preSolution
		HideSolutionNode = FALSE
	EndGlobalSection
	GlobalSection(ExtensibilityGlobals) = postSolution
		SolutionGuid = {FF64539A-7319-4C99-8A16-9E8C6D02F33F}
	EndGlobalSection
EndGlobal
